
Microsoft Visual Studio Solution File, Format Version 12.00
# Visual Studio Version 17
VisualStudioVersion = 17.7.34018.315
MinimumVisualStudioVersion = 10.0.40219.1
Project("{9A19103F-16F7-4668-BE54-9A1E7A4F7556}") = "MyLeaveManagement", "MyLeaveManagement\MyLeaveManagement.csproj", "{9DBEE27E-72F0-4E86-9335-083F4DF9581A}"
EndProject
Project("{9A19103F-16F7-4668-BE54-9A1E7A4F7556}") = "Tests", "Tests\Tests.csproj", "{358C961D-EDB4-42F0-B64A-F64550561CA4}"
EndProject
Global
	GlobalSection(SolutionConfigurationPlatforms) = preSolution
		Debug|Any CPU = Debug|Any CPU
		Release|Any CPU = Release|Any CPU
	EndGlobalSection
	GlobalSection(ProjectConfigurationPlatforms) = postSolution
		{9DBEE27E-72F0-4E86-9335-083F4DF9581A}.Debug|Any CPU.ActiveCfg = Debug|Any CPU
		{9DBEE27E-72F0-4E86-9335-083F4DF9581A}.Debug|Any CPU.Build.0 = Debug|Any CPU
		{9DBEE27E-72F0-4E86-9335-083F4DF9581A}.Release|Any CPU.ActiveCfg = Release|Any CPU
		{9DBEE27E-72F0-4E86-9335-083F4DF9581A}.Release|Any CPU.Build.0 = Release|Any CPU
		{358C961D-EDB4-42F0-B64A-F64550561CA4}.Debug|Any CPU.ActiveCfg = Debug|Any CPU
		{358C961D-EDB4-42F0-B64A-F64550561CA4}.Debug|Any CPU.Build.0 = Debug|Any CPU
		{358C961D-EDB4-42F0-B64A-F64550561CA4}.Release|Any CPU.ActiveCfg = Release|Any CPU
		{358C961D-EDB4-42F0-B64A-F64550561CA4}.Release|Any CPU.Build.0 = Release|Any CPU
	EndGlobalSection
	GlobalSection(SolutionProperties) = preSolution
		HideSolutionNode = FALSE
	EndGlobalSection
	GlobalSection(ExtensibilityGlobals) = postSolution
		SolutionGuid = {E5B45113-9A7C-4A4E-944D-2467FC8A4CC2}
	EndGlobalSection
EndGlobal
